
Microsoft Visual Studio Solution File, Format Version 12.00
Project("{FAE04EC0-301F-11D3-BF4B-00C04F79EFBC}") = "CV3_LSP", "CV3_LSP\CV3_LSP.csproj", "{44EB179B-BA6B-4ACE-BC5C-C9A048F4E50B}"
EndProject
Global
	GlobalSection(SolutionConfigurationPlatforms) = preSolution
		Debug|Any CPU = Debug|Any CPU
		Release|Any CPU = Release|Any CPU
	EndGlobalSection
	GlobalSection(ProjectConfigurationPlatforms) = postSolution
		{44EB179B-BA6B-4ACE-BC5C-C9A048F4E50B}.Debug|Any CPU.ActiveCfg = Debug|Any CPU
		{44EB179B-BA6B-4ACE-BC5C-C9A048F4E50B}.Debug|Any CPU.Build.0 = Debug|Any CPU
		{44EB179B-BA6B-4ACE-BC5C-C9A048F4E50B}.Release|Any CPU.ActiveCfg = Release|Any CPU
		{44EB179B-BA6B-4ACE-BC5C-C9A048F4E50B}.Release|Any CPU.Build.0 = Release|Any CPU
	EndGlobalSection
EndGlobal
